
Microsoft Visual Studio Solution File, Format Version 12.00
# Visual Studio Version 17
VisualStudioVersion = 17.1.32210.238
MinimumVisualStudioVersion = 10.0.40219.1
Project("{FAE04EC0-301F-11D3-BF4B-00C04F79EFBC}") = "SearchAlgorithm", "SearchAlgorithm\SearchAlgorithm.csproj", "{21645FCD-DA2E-4D29-A1EA-B5CF580FBE9A}"
EndProject
Global
	GlobalSection(SolutionConfigurationPlatforms) = preSolution
		Debug|Any CPU = Debug|Any CPU
		Release|Any CPU = Release|Any CPU
	EndGlobalSection
	GlobalSection(ProjectConfigurationPlatforms) = postSolution
		{21645FCD-DA2E-4D29-A1EA-B5CF580FBE9A}.Debug|Any CPU.ActiveCfg = Debug|Any CPU
		{21645FCD-DA2E-4D29-A1EA-B5CF580FBE9A}.Debug|Any CPU.Build.0 = Debug|Any CPU
		{21645FCD-DA2E-4D29-A1EA-B5CF580FBE9A}.Release|Any CPU.ActiveCfg = Release|Any CPU
		{21645FCD-DA2E-4D29-A1EA-B5CF580FBE9A}.Release|Any CPU.Build.0 = Release|Any CPU
	EndGlobalSection
	GlobalSection(SolutionProperties) = preSolution
		HideSolutionNode = FALSE
	EndGlobalSection
	GlobalSection(ExtensibilityGlobals) = postSolution
		SolutionGuid = {39C2C97B-141B-4C47-A61D-4A2C82193870}
	EndGlobalSection
EndGlobal
